{
  "name": "hypha-atproto-scripts",
  "version": "1.0.0",
  "lockfileVersion": 3,
  "requires": true,
  "packages": {
    "": {
      "name": "hypha-atproto-scripts",
      "version": "1.0.0",
      "dependencies": {
        "@atproto/api": "^0.15.0",
        "gray-matter": "^4.0.3"
      }
    },
    "node_modules/@atproto/api": {
      "version": "0.15.27",
      "resolved": "https://registry.npmjs.org/@atproto/api/-/api-0.15.27.tgz",
      "integrity": "sha512-ok/WGafh1nz4t8pEQGtAF/32x2E2VDWU4af6BajkO5Gky2jp2q6cv6aB2A5yuvNNcc3XkYMYipsqVHVwLPMF9g==",
      "license": "MIT",
      "dependencies": {
        "@atproto/common-web": "^0.4.2",
        "@atproto/lexicon": "^0.4.12",
        "@atproto/syntax": "^0.4.0",
        "@atproto/xrpc": "^0.7.1",
        "await-lock": "^2.2.2",
        "multiformats": "^9.9.0",
        "tlds": "^1.234.0",
        "zod": "^3.23.8"
      }
    },
    "node_modules/@atproto/common-web": {
      "version": "0.4.12",
      "resolved": "https://registry.npmjs.org/@atproto/common-web/-/common-web-0.4.12.tgz",
      "integrity": "sha512-3aCJemqM/fkHQrVPbTCHCdiVstKFI+2LkFLvUhO6XZP0EqUZa/rg/CIZBKTFUWu9I5iYiaEiXL9VwcDRpEevSw==",
      "license": "MIT",
      "dependencies": {
        "@atproto/lex-data": "0.0.8",
        "@atproto/lex-json": "0.0.8",
        "zod": "^3.23.8"
      }
    },
    "node_modules/@atproto/lex-data": {
      "version": "0.0.8",
      "resolved": "https://registry.npmjs.org/@atproto/lex-data/-/lex-data-0.0.8.tgz",
      "integrity": "sha512-1Y5tz7BkS7380QuLNXaE8GW8Xba+mRWugt8BKM4BUFYjjUZdmirU8lr72iM4XlEBrzRu8Cfvj+MbsbYaZv+IgA==",
      "license": "MIT",
      "dependencies": {
        "@atproto/syntax": "0.4.2",
        "multiformats": "^9.9.0",
        "tslib": "^2.8.1",
        "uint8arrays": "3.0.0",
        "unicode-segmenter": "^0.14.0"
      }
    },
    "node_modules/@atproto/lex-json": {
      "version": "0.0.8",
      "resolved": "https://registry.npmjs.org/@atproto/lex-json/-/lex-json-0.0.8.tgz",
      "integrity": "sha512-w1Qmkae1QhmNz+i1Zm3xr3jp0UPPRENmdlpU0qIrdxWDo9W4Mzkeyc3eSoa+Zs+zN8xkRSQw7RLZte/B7Ipdwg==",
      "license": "MIT",
      "dependencies": {
        "@atproto/lex-data": "0.0.8",
        "tslib": "^2.8.1"
      }
    },
    "node_modules/@atproto/lexicon": {
      "version": "0.4.14",
      "resolved": "https://registry.npmjs.org/@atproto/lexicon/-/lexicon-0.4.14.tgz",
      "integrity": "sha512-jiKpmH1QER3Gvc7JVY5brwrfo+etFoe57tKPQX/SmPwjvUsFnJAow5xLIryuBaJgFAhnTZViXKs41t//pahGHQ==",
      "license": "MIT",
      "dependencies": {
        "@atproto/common-web": "^0.4.2",
        "@atproto/syntax": "^0.4.0",
        "iso-datestring-validator": "^2.2.2",
        "multiformats": "^9.9.0",
        "zod": "^3.23.8"
      }
    },
    "node_modules/@atproto/syntax": {
      "version": "0.4.2",
      "resolved": "https://registry.npmjs.org/@atproto/syntax/-/syntax-0.4.2.tgz",
      "integrity": "sha512-X9XSRPinBy/0VQ677j8VXlBsYSsUXaiqxWVpGGxJYsAhugdQRb0jqaVKJFtm6RskeNkV6y9xclSUi9UYG/COrA==",
      "license": "MIT"
    },
    "node_modules/@atproto/xrpc": {
      "version": "0.7.7",
      "resolved": "https://registry.npmjs.org/@atproto/xrpc/-/xrpc-0.7.7.tgz",
      "integrity": "sha512-K1ZyO/BU8JNtXX5dmPp7b5UrkLMMqpsIa/Lrj5D3Su+j1Xwq1m6QJ2XJ1AgjEjkI1v4Muzm7klianLE6XGxtmA==",
      "license": "MIT",
      "dependencies": {
        "@atproto/lexicon": "^0.6.0",
        "zod": "^3.23.8"
      }
    },
    "node_modules/@atproto/xrpc/node_modules/@atproto/lexicon": {
      "version": "0.6.0",
      "resolved": "https://registry.npmjs.org/@atproto/lexicon/-/lexicon-0.6.0.tgz",
      "integrity": "sha512-5veb8aD+J5M0qszLJ+73KSFsFrJBgAY/nM1TSAJvGY7fNc9ZAT+PSUlmIyrdye9YznAZ07yktalls/TwNV7cHQ==",
      "license": "MIT",
      "dependencies": {
        "@atproto/common-web": "^0.4.7",
        "@atproto/syntax": "^0.4.2",
        "iso-datestring-validator": "^2.2.2",
        "multiformats": "^9.9.0",
        "zod": "^3.23.8"
      }
    },
    "node_modules/argparse": {
      "version": "1.0.10",
      "resolved": "https://registry.npmjs.org/argparse/-/argparse-1.0.10.tgz",
      "integrity": "sha512-o5Roy6tNG4SL/FOkCAN6RzjiakZS25RLYFrcMttJqbdd8BWrnA+fGz57iN5Pb06pvBGvl5gQ0B48dJlslXvoTg==",
      "license": "MIT",
      "dependencies": {
        "sprintf-js": "~1.0.2"
      }
    },
    "node_modules/await-lock": {
      "version": "2.2.2",
      "resolved": "https://registry.npmjs.org/await-lock/-/await-lock-2.2.2.tgz",
      "integrity": "sha512-aDczADvlvTGajTDjcjpJMqRkOF6Qdz3YbPZm/PyW6tKPkx2hlYBzxMhEywM/tU72HrVZjgl5VCdRuMlA7pZ8Gw==",
      "license": "MIT"
    },
    "node_modules/esprima": {
      "version": "4.0.1",
      "resolved": "https://registry.npmjs.org/esprima/-/esprima-4.0.1.tgz",
      "integrity": "sha512-eGuFFw7Upda+g4p+QHvnW0RyTX/SVeJBDM/gCtMARO0cLuT2HcEKnTPvhjV6aGeqrCB/sbNop0Kszm0jsaWU4A==",
      "license": "BSD-2-Clause",
      "bin": {
        "esparse": "bin/esparse.js",
        "esvalidate": "bin/esvalidate.js"
      },
      "engines": {
        "node": ">=4"
      }
    },
    "node_modules/extend-shallow": {
      "version": "2.0.1",
      "resolved": "https://registry.npmjs.org/extend-shallow/-/extend-shallow-2.0.1.tgz",
      "integrity": "sha512-zCnTtlxNoAiDc3gqY2aYAWFx7XWWiasuF2K8Me5WbN8otHKTUKBwjPtNpRs/rbUZm7KxWAaNj7P1a/p52GbVug==",
      "license": "MIT",
      "dependencies": {
        "is-extendable": "^0.1.0"
      },
      "engines": {
        "node": ">=0.10.0"
      }
    },
    "node_modules/gray-matter": {
      "version": "4.0.3",
      "resolved": "https://registry.npmjs.org/gray-matter/-/gray-matter-4.0.3.tgz",
      "integrity": "sha512-5v6yZd4JK3eMI3FqqCouswVqwugaA9r4dNZB1wwcmrD02QkV5H0y7XBQW8QwQqEaZY1pM9aqORSORhJRdNK44Q==",
      "license": "MIT",
      "dependencies": {
        "js-yaml": "^3.13.1",
        "kind-of": "^6.0.2",
        "section-matter": "^1.0.0",
        "strip-bom-string": "^1.0.0"
      },
      "engines": {
        "node": ">=6.0"
      }
    },
    "node_modules/is-extendable": {
      "version": "0.1.1",
      "resolved": "https://registry.npmjs.org/is-extendable/-/is-extendable-0.1.1.tgz",
      "integrity": "sha512-5BMULNob1vgFX6EjQw5izWDxrecWK9AM72rugNr0TFldMOi0fj6Jk+zeKIt0xGj4cEfQIJth4w3OKWOJ4f+AFw==",
      "license": "MIT",
      "engines": {
        "node": ">=0.10.0"
      }
    },
    "node_modules/iso-datestring-validator": {
      "version": "2.2.2",
      "resolved": "https://registry.npmjs.org/iso-datestring-validator/-/iso-datestring-validator-2.2.2.tgz",
      "integrity": "sha512-yLEMkBbLZTlVQqOnQ4FiMujR6T4DEcCb1xizmvXS+OxuhwcbtynoosRzdMA69zZCShCNAbi+gJ71FxZBBXx1SA==",
      "license": "MIT"
    },
    "node_modules/js-yaml": {
      "version": "3.14.2",
      "resolved": "https://registry.npmjs.org/js-yaml/-/js-yaml-3.14.2.tgz",
      "integrity": "sha512-PMSmkqxr106Xa156c2M265Z+FTrPl+oxd/rgOQy2tijQeK5TxQ43psO1ZCwhVOSdnn+RzkzlRz/eY4BgJBYVpg==",
      "license": "MIT",
      "dependencies": {
        "argparse": "^1.0.7",
        "esprima": "^4.0.0"
      },
      "bin": {
        "js-yaml": "bin/js-yaml.js"
      }
    },
    "node_modules/kind-of": {
      "version": "6.0.3",
      "resolved": "https://registry.npmjs.org/kind-of/-/kind-of-6.0.3.tgz",
      "integrity": "sha512-dcS1ul+9tmeD95T+x28/ehLgd9mENa3LsvDTtzm3vyBEO7RPptvAD+t44WVXaUjTBRcrpFeFlC8WCruUR456hw==",
      "license": "MIT",
      "engines": {
        "node": ">=0.10.0"
      }
    },
    "node_modules/multiformats": {
      "version": "9.9.0",
      "resolved": "https://registry.npmjs.org/multiformats/-/multiformats-9.9.0.tgz",
      "integrity": "sha512-HoMUjhH9T8DDBNT+6xzkrd9ga/XiBI4xLr58LJACwK6G3HTOPeMz4nB4KJs33L2BelrIJa7P0VuNaVF3hMYfjg==",
      "license": "(Apache-2.0 AND MIT)"
    },
    "node_modules/section-matter": {
      "version": "1.0.0",
      "resolved": "https://registry.npmjs.org/section-matter/-/section-matter-1.0.0.tgz",
      "integrity": "sha512-vfD3pmTzGpufjScBh50YHKzEu2lxBWhVEHsNGoEXmCmn2hKGfeNLYMzCJpe8cD7gqX7TJluOVpBkAequ6dgMmA==",
      "license": "MIT",
      "dependencies": {
        "extend-shallow": "^2.0.1",
        "kind-of": "^6.0.0"
      },
      "engines": {
        "node": ">=4"
      }
    },
    "node_modules/sprintf-js": {
      "version": "1.0.3",
      "resolved": "https://registry.npmjs.org/sprintf-js/-/sprintf-js-1.0.3.tgz",
      "integrity": "sha512-D9cPgkvLlV3t3IzL0D0YLvGA9Ahk4PcvVwUbN0dSGr1aP0Nrt4AEnTUbuGvquEC0mA64Gqt1fzirlRs5ibXx8g==",
      "license": "BSD-3-Clause"
    },
    "node_modules/strip-bom-string": {
      "version": "1.0.0",
      "resolved": "https://registry.npmjs.org/strip-bom-string/-/strip-bom-string-1.0.0.tgz",
      "integrity": "sha512-uCC2VHvQRYu+lMh4My/sFNmF2klFymLX1wHJeXnbEJERpV/ZsVuonzerjfrGpIGF7LBVa1O7i9kjiWvJiFck8g==",
      "license": "MIT",
      "engines": {
        "node": ">=0.10.0"
      }
    },
    "node_modules/tlds": {
      "version": "1.261.0",
      "resolved": "https://registry.npmjs.org/tlds/-/tlds-1.261.0.tgz",
      "integrity": "sha512-QXqwfEl9ddlGBaRFXIvNKK6OhipSiLXuRuLJX5DErz0o0Q0rYxulWLdFryTkV5PkdZct5iMInwYEGe/eR++1AA==",
      "license": "MIT",
      "bin": {
        "tlds": "bin.js"
      }
    },
    "node_modules/tslib": {
      "version": "2.8.1",
      "resolved": "https://registry.npmjs.org/tslib/-/tslib-2.8.1.tgz",
      "integrity": "sha512-oJFu94HQb+KVduSUQL7wnpmqnfmLsOA/nAh6b6EH0wCEoK0/mPeXU6c3wKDV83MkOuHPRHtSXKKU99IBazS/2w==",
      "license": "0BSD"
    },
    "node_modules/uint8arrays": {
      "version": "3.0.0",
      "resolved": "https://registry.npmjs.org/uint8arrays/-/uint8arrays-3.0.0.tgz",
      "integrity": "sha512-HRCx0q6O9Bfbp+HHSfQQKD7wU70+lydKVt4EghkdOvlK/NlrF90z+eXV34mUd48rNvVJXwkrMSPpCATkct8fJA==",
      "license": "MIT",
      "dependencies": {
        "multiformats": "^9.4.2"
      }
    },
    "node_modules/unicode-segmenter": {
      "version": "0.14.5",
      "resolved": "https://registry.npmjs.org/unicode-segmenter/-/unicode-segmenter-0.14.5.tgz",
      "integrity": "sha512-jHGmj2LUuqDcX3hqY12Ql+uhUTn8huuxNZGq7GvtF6bSybzH3aFgedYu/KTzQStEgt1Ra2F3HxadNXsNjb3m3g==",
      "license": "MIT"
    },
    "node_modules/zod": {
      "version": "3.25.76",
      "resolved": "https://registry.npmjs.org/zod/-/zod-3.25.76.tgz",
      "integrity": "sha512-gzUt/qt81nXsFGKIFcC3YnfEAx5NkunCfnDlvuBSSFS02bcXu4Lmea0AFIUwbLWxWPx3d9p8S5QoaujKcNQxcQ==",
      "license": "MIT",
      "funding": {
        "url": "https://github.com/sponsors/colinhacks"
      }
    }
  }
}
